
Microsoft Visual Studio Solution File, Format Version 12.00
# Visual Studio Version 16
VisualStudioVersion = 16.0.31624.102
MinimumVisualStudioVersion = 10.0.40219.1
Project("{FAE04EC0-301F-11D3-BF4B-00C04F79EFBC}") = "EnglishKeyboardFix", "EnglishKeyboardFix\EnglishKeyboardFix.csproj", "{35DAE9FF-0133-4523-8F12-5BA70E7C7BD3}"
EndProject
Global
	GlobalSection(SolutionConfigurationPlatforms) = preSolution
		Debug|Any CPU = Debug|Any CPU
		Release|Any CPU = Release|Any CPU
	EndGlobalSection
	GlobalSection(ProjectConfigurationPlatforms) = postSolution
		{35DAE9FF-0133-4523-8F12-5BA70E7C7BD3}.Debug|Any CPU.ActiveCfg = Debug|Any CPU
		{35DAE9FF-0133-4523-8F12-5BA70E7C7BD3}.Debug|Any CPU.Build.0 = Debug|Any CPU
		{35DAE9FF-0133-4523-8F12-5BA70E7C7BD3}.Release|Any CPU.ActiveCfg = Release|Any CPU
		{35DAE9FF-0133-4523-8F12-5BA70E7C7BD3}.Release|Any CPU.Build.0 = Release|Any CPU
	EndGlobalSection
	GlobalSection(SolutionProperties) = preSolution
		HideSolutionNode = FALSE
	EndGlobalSection
	GlobalSection(ExtensibilityGlobals) = postSolution
		SolutionGuid = {EB18D1FF-F773-44E0-9C30-71D043CD93AE}
	EndGlobalSection
EndGlobal
